{
  "name": "c",
  "version": "1.0.0",
  "lockfileVersion": 3,
  "requires": true,
  "packages": {
    "": {
      "name": "c",
      "version": "1.0.0",
      "hasInstallScript": true,
      "dependencies": {
        "a": "file:lib/a",
        "b": "file:lib/b"
      }
    },
    "lib/a": {
      "version": "1.0.0"
    },
    "lib/b": {
      "version": "1.0.0",
      "dependencies": {
        "a": "file:lib/a"
      }
    },
    "lib/b/lib/a": {
      "version": "1.0.0",
      "extraneous": true
    },
    "node_modules/a": {
      "resolved": "lib/a",
      "link": true
    },
    "node_modules/b": {
      "resolved": "lib/b",
      "link": true
    }
  }
}
